
Microsoft Visual Studio Solution File, Format Version 12.00
# Visual Studio Version 17
VisualStudioVersion = 17.10.35013.160
MinimumVisualStudioVersion = 10.0.40219.1
Project("{FAE04EC0-301F-11D3-BF4B-00C04F79EFBC}") = "Company.Web", "Company.Web\Company.Web.csproj", "{484FFF93-6E56-4876-8446-E4BBD8E46C3B}"
EndProject
Project("{FAE04EC0-301F-11D3-BF4B-00C04F79EFBC}") = "Company.Data", "Company.Data\Company.Data.csproj", "{5BFB315F-8828-45A4-99CE-02291716F354}"
EndProject
Project("{FAE04EC0-301F-11D3-BF4B-00C04F79EFBC}") = "Company.Repository", "Company.Repository\Company.Repository.csproj", "{335C859B-EF45-4C3A-A3B1-465F611786FC}"
EndProject
Project("{FAE04EC0-301F-11D3-BF4B-00C04F79EFBC}") = "Company.Service", "Company.Service\Company.Service.csproj", "{09D58CB4-80AC-4AB8-BED1-D43BD91D8A91}"
EndProject
Global
	GlobalSection(SolutionConfigurationPlatforms) = preSolution
		Debug|Any CPU = Debug|Any CPU
		Release|Any CPU = Release|Any CPU
	EndGlobalSection
	GlobalSection(ProjectConfigurationPlatforms) = postSolution
		{484FFF93-6E56-4876-8446-E4BBD8E46C3B}.Debug|Any CPU.ActiveCfg = Debug|Any CPU
		{484FFF93-6E56-4876-8446-E4BBD8E46C3B}.Debug|Any CPU.Build.0 = Debug|Any CPU
		{484FFF93-6E56-4876-8446-E4BBD8E46C3B}.Release|Any CPU.ActiveCfg = Release|Any CPU
		{484FFF93-6E56-4876-8446-E4BBD8E46C3B}.Release|Any CPU.Build.0 = Release|Any CPU
		{5BFB315F-8828-45A4-99CE-02291716F354}.Debug|Any CPU.ActiveCfg = Debug|Any CPU
		{5BFB315F-8828-45A4-99CE-02291716F354}.Debug|Any CPU.Build.0 = Debug|Any CPU
		{5BFB315F-8828-45A4-99CE-02291716F354}.Release|Any CPU.ActiveCfg = Release|Any CPU
		{5BFB315F-8828-45A4-99CE-02291716F354}.Release|Any CPU.Build.0 = Release|Any CPU
		{335C859B-EF45-4C3A-A3B1-465F611786FC}.Debug|Any CPU.ActiveCfg = Debug|Any CPU
		{335C859B-EF45-4C3A-A3B1-465F611786FC}.Debug|Any CPU.Build.0 = Debug|Any CPU
		{335C859B-EF45-4C3A-A3B1-465F611786FC}.Release|Any CPU.ActiveCfg = Release|Any CPU
		{335C859B-EF45-4C3A-A3B1-465F611786FC}.Release|Any CPU.Build.0 = Release|Any CPU
		{09D58CB4-80AC-4AB8-BED1-D43BD91D8A91}.Debug|Any CPU.ActiveCfg = Debug|Any CPU
		{09D58CB4-80AC-4AB8-BED1-D43BD91D8A91}.Debug|Any CPU.Build.0 = Debug|Any CPU
		{09D58CB4-80AC-4AB8-BED1-D43BD91D8A91}.Release|Any CPU.ActiveCfg = Release|Any CPU
		{09D58CB4-80AC-4AB8-BED1-D43BD91D8A91}.Release|Any CPU.Build.0 = Release|Any CPU
	EndGlobalSection
	GlobalSection(SolutionProperties) = preSolution
		HideSolutionNode = FALSE
	EndGlobalSection
	GlobalSection(ExtensibilityGlobals) = postSolution
		SolutionGuid = {A91F9BE8-D9F9-4887-A3E3-BA237A831436}
	EndGlobalSection
EndGlobal
